
Microsoft Visual Studio Solution File, Format Version 12.00
# Visual Studio Version 16
VisualStudioVersion = 16.0.30413.136
MinimumVisualStudioVersion = 10.0.40219.1
Project("{FAE04EC0-301F-11D3-BF4B-00C04F79EFBC}") = "MiniLMS", "MiniLMS.csproj", "{EB950A62-04B2-4943-A816-8557D3F7B2A7}"
EndProject
Global
	GlobalSection(SolutionConfigurationPlatforms) = preSolution
		Debug|Any CPU = Debug|Any CPU
		Release|Any CPU = Release|Any CPU
	EndGlobalSection
	GlobalSection(ProjectConfigurationPlatforms) = postSolution
		{EB950A62-04B2-4943-A816-8557D3F7B2A7}.Debug|Any CPU.ActiveCfg = Debug|Any CPU
		{EB950A62-04B2-4943-A816-8557D3F7B2A7}.Debug|Any CPU.Build.0 = Debug|Any CPU
		{EB950A62-04B2-4943-A816-8557D3F7B2A7}.Release|Any CPU.ActiveCfg = Release|Any CPU
		{EB950A62-04B2-4943-A816-8557D3F7B2A7}.Release|Any CPU.Build.0 = Release|Any CPU
	EndGlobalSection
	GlobalSection(SolutionProperties) = preSolution
		HideSolutionNode = FALSE
	EndGlobalSection
	GlobalSection(ExtensibilityGlobals) = postSolution
		SolutionGuid = {7B1934AC-716F-49F3-85A9-C0E2582F66E3}
	EndGlobalSection
EndGlobal
